
Microsoft Visual Studio Solution File, Format Version 12.00
# Visual Studio Version 17
VisualStudioVersion = 17.12.35514.174
MinimumVisualStudioVersion = 10.0.40219.1
Project("{FAE04EC0-301F-11D3-BF4B-00C04F79EFBC}") = "SportShopApi", "SportShopApi\SportShopApi.csproj", "{0EF14B83-5F28-41C9-BBEF-15CD86605A6E}"
EndProject
Project("{FAE04EC0-301F-11D3-BF4B-00C04F79EFBC}") = "Application", "Application\Application.csproj", "{2767F230-0EC4-414C-9FC8-4052CDB3ADA1}"
EndProject
Project("{FAE04EC0-301F-11D3-BF4B-00C04F79EFBC}") = "Domain", "Domain\Domain.csproj", "{580ABABB-DD54-42DE-A573-30C84A5E3B15}"
EndProject
Project("{FAE04EC0-301F-11D3-BF4B-00C04F79EFBC}") = "infrastructure", "infrastructure\infrastructure.csproj", "{6CAA2AB4-1271-46F3-A029-37D6FF910B32}"
EndProject
Project("{FAE04EC0-301F-11D3-BF4B-00C04F79EFBC}") = "SportShopApiTest", "SportShopApiTest\SportShopApiTest.csproj", "{99B9B6A0-13DE-4931-B275-CC5C9C24D28A}"
EndProject
Global
	GlobalSection(SolutionConfigurationPlatforms) = preSolution
		Debug|Any CPU = Debug|Any CPU
		Release|Any CPU = Release|Any CPU
	EndGlobalSection
	GlobalSection(ProjectConfigurationPlatforms) = postSolution
		{0EF14B83-5F28-41C9-BBEF-15CD86605A6E}.Debug|Any CPU.ActiveCfg = Debug|Any CPU
		{0EF14B83-5F28-41C9-BBEF-15CD86605A6E}.Debug|Any CPU.Build.0 = Debug|Any CPU
		{0EF14B83-5F28-41C9-BBEF-15CD86605A6E}.Release|Any CPU.ActiveCfg = Release|Any CPU
		{0EF14B83-5F28-41C9-BBEF-15CD86605A6E}.Release|Any CPU.Build.0 = Release|Any CPU
		{2767F230-0EC4-414C-9FC8-4052CDB3ADA1}.Debug|Any CPU.ActiveCfg = Debug|Any CPU
		{2767F230-0EC4-414C-9FC8-4052CDB3ADA1}.Debug|Any CPU.Build.0 = Debug|Any CPU
		{2767F230-0EC4-414C-9FC8-4052CDB3ADA1}.Release|Any CPU.ActiveCfg = Release|Any CPU
		{2767F230-0EC4-414C-9FC8-4052CDB3ADA1}.Release|Any CPU.Build.0 = Release|Any CPU
		{580ABABB-DD54-42DE-A573-30C84A5E3B15}.Debug|Any CPU.ActiveCfg = Debug|Any CPU
		{580ABABB-DD54-42DE-A573-30C84A5E3B15}.Debug|Any CPU.Build.0 = Debug|Any CPU
		{580ABABB-DD54-42DE-A573-30C84A5E3B15}.Release|Any CPU.ActiveCfg = Release|Any CPU
		{580ABABB-DD54-42DE-A573-30C84A5E3B15}.Release|Any CPU.Build.0 = Release|Any CPU
		{6CAA2AB4-1271-46F3-A029-37D6FF910B32}.Debug|Any CPU.ActiveCfg = Debug|Any CPU
		{6CAA2AB4-1271-46F3-A029-37D6FF910B32}.Debug|Any CPU.Build.0 = Debug|Any CPU
		{6CAA2AB4-1271-46F3-A029-37D6FF910B32}.Release|Any CPU.ActiveCfg = Release|Any CPU
		{6CAA2AB4-1271-46F3-A029-37D6FF910B32}.Release|Any CPU.Build.0 = Release|Any CPU
		{99B9B6A0-13DE-4931-B275-CC5C9C24D28A}.Debug|Any CPU.ActiveCfg = Debug|Any CPU
		{99B9B6A0-13DE-4931-B275-CC5C9C24D28A}.Debug|Any CPU.Build.0 = Debug|Any CPU
		{99B9B6A0-13DE-4931-B275-CC5C9C24D28A}.Release|Any CPU.ActiveCfg = Release|Any CPU
		{99B9B6A0-13DE-4931-B275-CC5C9C24D28A}.Release|Any CPU.Build.0 = Release|Any CPU
	EndGlobalSection
	GlobalSection(SolutionProperties) = preSolution
		HideSolutionNode = FALSE
	EndGlobalSection
EndGlobal
